
Microsoft Visual Studio Solution File, Format Version 12.00
# Visual Studio Version 17
VisualStudioVersion = 17.10.35122.118
MinimumVisualStudioVersion = 10.0.40219.1
Project("{FAE04EC0-301F-11D3-BF4B-00C04F79EFBC}") = "CheckStartupAllDrives.CLI", "CheckStartupAllDrives.CLI\CheckStartupAllDrives.CLI.csproj", "{7C6577FE-E3DE-40AA-999F-290FCCCF0C57}"
EndProject
Global
	GlobalSection(SolutionConfigurationPlatforms) = preSolution
		Debug|Any CPU = Debug|Any CPU
		Release|Any CPU = Release|Any CPU
	EndGlobalSection
	GlobalSection(ProjectConfigurationPlatforms) = postSolution
		{7C6577FE-E3DE-40AA-999F-290FCCCF0C57}.Debug|Any CPU.ActiveCfg = Debug|Any CPU
		{7C6577FE-E3DE-40AA-999F-290FCCCF0C57}.Debug|Any CPU.Build.0 = Debug|Any CPU
		{7C6577FE-E3DE-40AA-999F-290FCCCF0C57}.Release|Any CPU.ActiveCfg = Release|Any CPU
		{7C6577FE-E3DE-40AA-999F-290FCCCF0C57}.Release|Any CPU.Build.0 = Release|Any CPU
	EndGlobalSection
	GlobalSection(SolutionProperties) = preSolution
		HideSolutionNode = FALSE
	EndGlobalSection
	GlobalSection(ExtensibilityGlobals) = postSolution
		SolutionGuid = {A62557F9-77A9-444C-A372-D00F3B45DC49}
	EndGlobalSection
EndGlobal
